
Microsoft Visual Studio Solution File, Format Version 12.00
# Visual Studio Version 17
VisualStudioVersion = 17.14.37216.2 d17.14
MinimumVisualStudioVersion = 10.0.40219.1
Project("{FAE04EC0-301F-11D3-BF4B-00C04F79EFBC}") = "Trgovina", "Trgovina\Trgovina.csproj", "{3B08133D-1B0C-427A-B08C-E0ED4D8B7D58}"
EndProject
Project("{FAE04EC0-301F-11D3-BF4B-00C04F79EFBC}") = "Trgovina.Core", "Trgovina.Core\Trgovina.Core.csproj", "{34C20098-1233-4D44-8B1B-366A146C39DA}"
EndProject
Project("{FAE04EC0-301F-11D3-BF4B-00C04F79EFBC}") = "Trgovina.Tests", "Trgovina.Tests\Trgovina.Tests.csproj", "{432502A5-4202-473B-BCC8-3333A41E498C}"
EndProject
Global
	GlobalSection(SolutionConfigurationPlatforms) = preSolution
		Debug|Any CPU = Debug|Any CPU
		Release|Any CPU = Release|Any CPU
	EndGlobalSection
	GlobalSection(ProjectConfigurationPlatforms) = postSolution
		{3B08133D-1B0C-427A-B08C-E0ED4D8B7D58}.Debug|Any CPU.ActiveCfg = Debug|Any CPU
		{3B08133D-1B0C-427A-B08C-E0ED4D8B7D58}.Debug|Any CPU.Build.0 = Debug|Any CPU
		{3B08133D-1B0C-427A-B08C-E0ED4D8B7D58}.Release|Any CPU.ActiveCfg = Release|Any CPU
		{3B08133D-1B0C-427A-B08C-E0ED4D8B7D58}.Release|Any CPU.Build.0 = Release|Any CPU
		{34C20098-1233-4D44-8B1B-366A146C39DA}.Debug|Any CPU.ActiveCfg = Debug|Any CPU
		{34C20098-1233-4D44-8B1B-366A146C39DA}.Debug|Any CPU.Build.0 = Debug|Any CPU
		{34C20098-1233-4D44-8B1B-366A146C39DA}.Release|Any CPU.ActiveCfg = Release|Any CPU
		{34C20098-1233-4D44-8B1B-366A146C39DA}.Release|Any CPU.Build.0 = Release|Any CPU
		{432502A5-4202-473B-BCC8-3333A41E498C}.Debug|Any CPU.ActiveCfg = Debug|Any CPU
		{432502A5-4202-473B-BCC8-3333A41E498C}.Debug|Any CPU.Build.0 = Debug|Any CPU
		{432502A5-4202-473B-BCC8-3333A41E498C}.Release|Any CPU.ActiveCfg = Release|Any CPU
		{432502A5-4202-473B-BCC8-3333A41E498C}.Release|Any CPU.Build.0 = Release|Any CPU
	EndGlobalSection
	GlobalSection(SolutionProperties) = preSolution
		HideSolutionNode = FALSE
	EndGlobalSection
	GlobalSection(ExtensibilityGlobals) = postSolution
		SolutionGuid = {001F695D-9B35-45DB-AB5F-222F02BC8854}
	EndGlobalSection
EndGlobal
